<?xml version="1.0" encoding="utf-8"?>
<Project ToolsVersion="4.0" xmlns="http://schemas.microsoft.com/developer/msbuild/2003">
  <ItemGroup>
    <ApplicationDefinition Include="App.xaml" />
  </ItemGroup>
  <ItemGroup>
    <Page Include="MainPage.xaml" />
  </ItemGroup>
  <ItemGroup>
    <Midl Include="App.idl" />
    <Midl Include="MainPage.idl" />
  </ItemGroup>
  <ItemGroup>
    <ClCompile Include="pch.cpp" />
    <ClCompile Include="App.cpp" />
    <ClCompile Include="MainPage.cpp" />
    <ClCompile Include="$(GeneratedFilesDir)module.g.cpp" />
    <ClCompile Include="Scene.cpp" />
  </ItemGroup>
  <ItemGroup>
    <ClInclude Include="pch.h" />
    <ClInclude Include="Scene.h" />
    <ClInclude Include="ISceneUIControl.h" />
  </ItemGroup>
  <ItemGroup>
    <Image Include="Assets\Wide310x150Logo.scale-200.png">
      <Filter>Assets</Filter>
    </Image>
    <Image Include="Assets\StoreLogo.png">
      <Filter>Assets</Filter>
    </Image>
    <Image Include="Assets\Square150x150Logo.scale-200.png">
      <Filter>Assets</Filter>
    </Image>
    <Image Include="Assets\Square44x44Logo.targetsize-24_altform-unplated.png">
      <Filter>Assets</Filter>
    </Image>
    <Image Include="Assets\Square44x44Logo.scale-200.png">
      <Filter>Assets</Filter>
    </Image>
    <Image Include="Assets\SplashScreen.scale-200.png">
      <Filter>Assets</Filter>
    </Image>
    <Image Include="Assets\LockScreenLogo.scale-200.png">
      <Filter>Assets</Filter>
    </Image>
    <Image Include="src\textures\bricks.dds" />
    <Image Include="src\textures\bricks_nmap.dds" />
    <Image Include="src\textures\bricks2.dds" />
    <Image Include="src\textures\bricks2_nmap.dds" />
    <Image Include="src\textures\bricks3.dds" />
    <Image Include="src\textures\checkboard.dds" />
    <Image Include="src\textures\default_nmap.dds" />
    <Image Include="src\textures\desertcube1024.dds" />
    <Image Include="src\textures\grass.dds" />
    <Image Include="src\textures\grasscube1024.dds" />
    <Image Include="src\textures\head_diff.dds" />
    <Image Include="src\textures\head_norm.dds" />
    <Image Include="src\textures\ice.dds" />
    <Image Include="src\textures\jacket_diff.dds" />
    <Image Include="src\textures\jacket_norm.dds" />
    <Image Include="src\textures\pants_diff.dds" />
    <Image Include="src\textures\pants_norm.dds" />
    <Image Include="src\textures\snowcube1024.dds" />
    <Image Include="src\textures\stone.dds" />
    <Image Include="src\textures\sunsetcube1024.dds" />
    <Image Include="src\textures\tile.dds" />
    <Image Include="src\textures\tile_nmap.dds" />
    <Image Include="src\textures\tree0.bmp" />
    <Image Include="src\textures\tree01S.dds" />
    <Image Include="src\textures\tree1.bmp" />
    <Image Include="src\textures\tree02S.dds" />
    <Image Include="src\textures\tree2.bmp" />
    <Image Include="src\textures\tree35S.dds" />
    <Image Include="src\textures\treearray.dds" />
    <Image Include="src\textures\treeArray2.dds" />
    <Image Include="src\textures\upBody_diff.dds" />
    <Image Include="src\textures\upbody_norm.dds" />
    <Image Include="src\textures\water1.dds" />
    <Image Include="src\textures\white1x1.dds" />
    <Image Include="src\textures\WireFence.dds" />
    <Image Include="src\textures\WoodCrate01.dds" />
    <Image Include="src\textures\WoodCrate02.dds" />
  </ItemGroup>
  <ItemGroup>
    <AppxManifest Include="Package.appxmanifest" />
  </ItemGroup>
  <ItemGroup>
    <Filter Include="Assets">
      <UniqueIdentifier>{e48dc53e-40b1-40cb-970a-f89935452892}</UniqueIdentifier>
    </Filter>
  </ItemGroup>
  <ItemGroup>
    <None Include="PropertySheet.props" />
    <None Include="packages.config" />
    <None Include="src\shaders\Lighting.hlsli" />
  </ItemGroup>
  <ItemGroup>
    <Text Include="readme.txt" />
  </ItemGroup>
  <ItemGroup>
    <FxCompile Include="src\shaders\color.hlsl" />
    <FxCompile Include="src\shaders\color_vs.hlsl" />
    <FxCompile Include="src\shaders\color_ps.hlsl" />
    <FxCompile Include="src\shaders\LightingVS.hlsl" />
    <FxCompile Include="src\shaders\LightingPS.hlsl" />
    <FxCompile Include="src\shaders\LightingFogPS.hlsl" />
    <FxCompile Include="src\shaders\LightingFogAlphaTestPS.hlsl" />
  </ItemGroup>
</Project>